{
    "name": "@apify/markdown",
    "version": "1.0.12",
    "lockfileVersion": 1,
    "requires": true,
    "dependencies": {
        "@apify/consts": {
            "version": "1.1.3",
            "resolved": "https://registry.npmjs.org/@apify/consts/-/consts-1.1.3.tgz",
            "integrity": "sha512-llOXk/z+vWoNFpjZARUuTclhoQXjSq0EyPUjiDc3k6kb3EZr4GJqz0pMI0ZA+iOh3//KcGXE+o8K8S3SzaEDXw=="
        },
        "@apify/log": {
            "version": "1.1.1",
            "resolved": "https://registry.npmjs.org/@apify/log/-/log-1.1.1.tgz",
            "integrity": "sha512-fEWTH8zPkrOjNWrB9BanZP/8pao9i4IqIX7f532di34VI4sy6hGZ4Wsh8be/p25pIA4iLlMFKmbsp8FNnZX0Hw==",
            "requires": {
                "@apify/consts": "^1.1.3",
                "ansi-colors": "^4.1.1"
            }
        },
        "@apify/utilities": {
            "version": "1.1.2",
            "resolved": "https://registry.npmjs.org/@apify/utilities/-/utilities-1.1.2.tgz",
            "integrity": "sha512-88s/MKd6dcIDry2YUgha4r5IoJXicceit7ARbyRselG4pcsPfZ1qbg/ixZBVOnb3GPg+sXaPWcEwSdN4UMc/ng==",
            "requires": {
                "@apify/consts": "^1.1.3",
                "@apify/log": "^1.1.1"
            }
        },
        "ansi-colors": {
            "version": "4.1.1",
            "resolved": "https://registry.npmjs.org/ansi-colors/-/ansi-colors-4.1.1.tgz",
            "integrity": "sha512-JoX0apGbHaUJBNl6yF+p6JAFYZ666/hhCGKN5t9QFjbJQKUU/g8MNbFDbvfrgKXvI1QpZplPOnwIo99lX/AAmA=="
        },
        "marked": {
            "version": "2.1.3",
            "resolved": "https://registry.npmjs.org/marked/-/marked-2.1.3.tgz",
            "integrity": "sha512-/Q+7MGzaETqifOMWYEA7HVMaZb4XbcRfaOzcSsHZEith83KGlvaSG33u0SKu89Mj5h+T8V2hM+8O45Qc5XTgwA=="
        },
        "match-all": {
            "version": "1.2.6",
            "resolved": "https://registry.npmjs.org/match-all/-/match-all-1.2.6.tgz",
            "integrity": "sha512-0EESkXiTkWzrQQntBu2uzKvLu6vVkUGz40nGPbSZuegcfE5UuSzNjLaIu76zJWuaT/2I3Z/8M06OlUOZLGwLlQ=="
        }
    }
}
