{
	"name": "@apify/consts",
	"version": "1.0.0",
	"lockfileVersion": 2,
	"requires": true,
	"packages": {
		"": {
			"name": "@apify/consts",
			"version": "1.0.0",
			"license": "Apache-2.0",
			"devDependencies": {
				"gen-esm-wrapper": "^1.1.1"
			}
		},
		"node_modules/assert": {
			"version": "1.5.0",
			"resolved": "https://registry.npmjs.org/assert/-/assert-1.5.0.tgz",
			"integrity": "sha512-EDsgawzwoun2CZkCgtxJbv392v4nbk9XDD06zI+kQYoBM/3RBWLlEyJARDOmhAAosBjWACEkKL6S+lIZtcAubA==",
			"dev": true,
			"dependencies": {
				"object-assign": "^4.1.1",
				"util": "0.10.3"
			}
		},
		"node_modules/gen-esm-wrapper": {
			"version": "1.1.1",
			"resolved": "https://registry.npmjs.org/gen-esm-wrapper/-/gen-esm-wrapper-1.1.1.tgz",
			"integrity": "sha512-/ZMuX3itPtnjjWuIArzBi6mDnkGVcsx8guLCeH3WLB+iLeFr8TOKhIrNaYmPuRtQcpeBKrlswCPAY9oLRKIxKw==",
			"dev": true,
			"dependencies": {
				"is-valid-identifier": "^2.0.2"
			},
			"bin": {
				"gen-esm-wrapper": "gen-esm-wrapper.js"
			}
		},
		"node_modules/inherits": {
			"version": "2.0.1",
			"resolved": "https://registry.npmjs.org/inherits/-/inherits-2.0.1.tgz",
			"integrity": "sha1-sX0I0ya0Qj5Wjv9xn5GwscvfafE=",
			"dev": true
		},
		"node_modules/is-valid-identifier": {
			"version": "2.0.2",
			"resolved": "https://registry.npmjs.org/is-valid-identifier/-/is-valid-identifier-2.0.2.tgz",
			"integrity": "sha512-mpS5EGqXOwzXtKAg6I44jIAqeBfntFLxpAth1rrKbxtKyI6LPktyDYpHBI+tHlduhhX/SF26mFXmxQu995QVqg==",
			"dev": true,
			"dependencies": {
				"assert": "^1.4.1"
			}
		},
		"node_modules/object-assign": {
			"version": "4.1.1",
			"resolved": "https://registry.npmjs.org/object-assign/-/object-assign-4.1.1.tgz",
			"integrity": "sha1-IQmtx5ZYh8/AXLvUQsrIv7s2CGM=",
			"dev": true,
			"engines": {
				"node": ">=0.10.0"
			}
		},
		"node_modules/util": {
			"version": "0.10.3",
			"resolved": "https://registry.npmjs.org/util/-/util-0.10.3.tgz",
			"integrity": "sha1-evsa/lCAUkZInj23/g7TeTNqwPk=",
			"dev": true,
			"dependencies": {
				"inherits": "2.0.1"
			}
		}
	},
	"dependencies": {
		"assert": {
			"version": "1.5.0",
			"resolved": "https://registry.npmjs.org/assert/-/assert-1.5.0.tgz",
			"integrity": "sha512-EDsgawzwoun2CZkCgtxJbv392v4nbk9XDD06zI+kQYoBM/3RBWLlEyJARDOmhAAosBjWACEkKL6S+lIZtcAubA==",
			"dev": true,
			"requires": {
				"object-assign": "^4.1.1",
				"util": "0.10.3"
			}
		},
		"gen-esm-wrapper": {
			"version": "1.1.1",
			"resolved": "https://registry.npmjs.org/gen-esm-wrapper/-/gen-esm-wrapper-1.1.1.tgz",
			"integrity": "sha512-/ZMuX3itPtnjjWuIArzBi6mDnkGVcsx8guLCeH3WLB+iLeFr8TOKhIrNaYmPuRtQcpeBKrlswCPAY9oLRKIxKw==",
			"dev": true,
			"requires": {
				"is-valid-identifier": "^2.0.2"
			}
		},
		"inherits": {
			"version": "2.0.1",
			"resolved": "https://registry.npmjs.org/inherits/-/inherits-2.0.1.tgz",
			"integrity": "sha1-sX0I0ya0Qj5Wjv9xn5GwscvfafE=",
			"dev": true
		},
		"is-valid-identifier": {
			"version": "2.0.2",
			"resolved": "https://registry.npmjs.org/is-valid-identifier/-/is-valid-identifier-2.0.2.tgz",
			"integrity": "sha512-mpS5EGqXOwzXtKAg6I44jIAqeBfntFLxpAth1rrKbxtKyI6LPktyDYpHBI+tHlduhhX/SF26mFXmxQu995QVqg==",
			"dev": true,
			"requires": {
				"assert": "^1.4.1"
			}
		},
		"object-assign": {
			"version": "4.1.1",
			"resolved": "https://registry.npmjs.org/object-assign/-/object-assign-4.1.1.tgz",
			"integrity": "sha1-IQmtx5ZYh8/AXLvUQsrIv7s2CGM=",
			"dev": true
		},
		"util": {
			"version": "0.10.3",
			"resolved": "https://registry.npmjs.org/util/-/util-0.10.3.tgz",
			"integrity": "sha1-evsa/lCAUkZInj23/g7TeTNqwPk=",
			"dev": true,
			"requires": {
				"inherits": "2.0.1"
			}
		}
	}
}
